
Microsoft Visual Studio Solution File, Format Version 12.00
# Visual Studio Version 16
VisualStudioVersion = 16.0.29306.81
MinimumVisualStudioVersion = 10.0.40219.1
Project("{9A19103F-16F7-4668-BE54-9A1E7A4F7556}") = "CustomResource-SnapStack", "CustomResource-SnapStack\CustomResource-SnapStack.csproj", "{23113322-770A-4857-8C31-8176120D9280}"
EndProject
Global
	GlobalSection(SolutionConfigurationPlatforms) = preSolution
		Debug|Any CPU = Debug|Any CPU
		Release|Any CPU = Release|Any CPU
	EndGlobalSection
	GlobalSection(ProjectConfigurationPlatforms) = postSolution
		{23113322-770A-4857-8C31-8176120D9280}.Debug|Any CPU.ActiveCfg = Debug|Any CPU
		{23113322-770A-4857-8C31-8176120D9280}.Debug|Any CPU.Build.0 = Debug|Any CPU
		{23113322-770A-4857-8C31-8176120D9280}.Release|Any CPU.ActiveCfg = Release|Any CPU
		{23113322-770A-4857-8C31-8176120D9280}.Release|Any CPU.Build.0 = Release|Any CPU
	EndGlobalSection
	GlobalSection(SolutionProperties) = preSolution
		HideSolutionNode = FALSE
	EndGlobalSection
	GlobalSection(ExtensibilityGlobals) = postSolution
		SolutionGuid = {6C8523BD-BAC3-450F-A92E-43CB2C72A8A3}
	EndGlobalSection
EndGlobal
